
Microsoft Visual Studio Solution File, Format Version 12.00
# Visual Studio Version 17
VisualStudioVersion = 17.6.33815.320
MinimumVisualStudioVersion = 10.0.40219.1
Project("{FAE04EC0-301F-11D3-BF4B-00C04F79EFBC}") = "Web-app-android", "Web-app-android\Web-app-android.csproj", "{DD98C9E6-555B-4916-80EB-3791459663AF}"
EndProject
Global
	GlobalSection(SolutionConfigurationPlatforms) = preSolution
		Debug|Any CPU = Debug|Any CPU
		Release|Any CPU = Release|Any CPU
	EndGlobalSection
	GlobalSection(ProjectConfigurationPlatforms) = postSolution
		{DD98C9E6-555B-4916-80EB-3791459663AF}.Debug|Any CPU.ActiveCfg = Debug|Any CPU
		{DD98C9E6-555B-4916-80EB-3791459663AF}.Debug|Any CPU.Build.0 = Debug|Any CPU
		{DD98C9E6-555B-4916-80EB-3791459663AF}.Release|Any CPU.ActiveCfg = Release|Any CPU
		{DD98C9E6-555B-4916-80EB-3791459663AF}.Release|Any CPU.Build.0 = Release|Any CPU
	EndGlobalSection
	GlobalSection(SolutionProperties) = preSolution
		HideSolutionNode = FALSE
	EndGlobalSection
	GlobalSection(ExtensibilityGlobals) = postSolution
		SolutionGuid = {FB95F78E-D110-4D9F-AA4B-874728A3AB73}
	EndGlobalSection
EndGlobal
